// !$*UTF8*$!
{
	archiveVersion = 1;
	classes = {
	};
	objectVersion = 77;
	objects = {

/* Begin PBXBuildFile section */
		04EB9F6D3720709A03933ADC /* CompleteViewController.m in Sources */ = {isa = PBXBuildFile; fileRef = 4EC0277E2914560FF11F1DFC /* CompleteViewController.m */; };
		0F7AA3FD594427A58B4D2E1D /* MusicFlutterViewController.swift in Sources */ = {isa = PBXBuildFile; fileRef = 3BFCB7C12FF9786A5AB4D805 /* MusicFlutterViewController.swift */; };
		108C755D7DC8BB570ACEDBD6 /* BaseViewController.m in Sources */ = {isa = PBXBuildFile; fileRef = 3CD02FF016638479FABF72A4 /* BaseViewController.m */; };
		3348C475BB51B843F1070287 /* Assets.xcassets in Resources */ = {isa = PBXBuildFile; fileRef = 8F80F83393C68709E87143A2 /* Assets.xcassets */; };
		425F59F025702BDEEB667273 /* InputViewController.m in Sources */ = {isa = PBXBuildFile; fileRef = 56216691207C58856ED27C3E /* InputViewController.m */; };
		4A1A2C00286B29004D4ECBEC /* libPods-LegacyApp.a in Frameworks */ = {isa = PBXBuildFile; fileRef = 3563A56FE72FFB336CCD5401 /* libPods-LegacyApp.a */; };
		58025F7CE9BBDF26AEE847A8 /* Localizable.strings in Resources */ = {isa = PBXBuildFile; fileRef = 86C2D4CB20A6DA86CAC2E039 /* Localizable.strings */; };
		59B784FDBD0B5514721D9EF9 /* FormData.m in Sources */ = {isa = PBXBuildFile; fileRef = 14285F0C11DCB60D47700C81 /* FormData.m */; };
		98C581105D58D2CEF6BE57C8 /* SceneDelegate.m in Sources */ = {isa = PBXBuildFile; fileRef = C0C6D33A39EEA86789ACAEBE /* SceneDelegate.m */; };
		BB8D44EC559FC7EFEB35DABC /* ConfirmFlutterViewController.swift in Sources */ = {isa = PBXBuildFile; fileRef = 03E4367027B65AADB1AC7F3A /* ConfirmFlutterViewController.swift */; };
		F093B49736B631F4777E287C /* MusicFlutterEngine.swift in Sources */ = {isa = PBXBuildFile; fileRef = DF5683583E1D15F7BE2584C4 /* MusicFlutterEngine.swift */; };
		F4340F1CDBD0255BE1A6A3A5 /* main.m in Sources */ = {isa = PBXBuildFile; fileRef = 47DACC6ADE13256ED65D8FD4 /* main.m */; };
		F8DEDB260E612456ECB4F4BD /* AppDelegate.m in Sources */ = {isa = PBXBuildFile; fileRef = EF1A96CEE9263FEA74C3FC1C /* AppDelegate.m */; };
/* End PBXBuildFile section */

/* Begin PBXFileReference section */
		03E4367027B65AADB1AC7F3A /* ConfirmFlutterViewController.swift */ = {isa = PBXFileReference; lastKnownFileType = sourcecode.swift; path = ConfirmFlutterViewController.swift; sourceTree = "<group>"; };
		08D4E6D77BA6D4BB4D6ED52F /* Pods-LegacyApp.release.xcconfig */ = {isa = PBXFileReference; includeInIndex = 1; lastKnownFileType = text.xcconfig; name = "Pods-LegacyApp.release.xcconfig"; path = "Target Support Files/Pods-LegacyApp/Pods-LegacyApp.release.xcconfig"; sourceTree = "<group>"; };
		0B2FD3FDC79166761A2FAAB2 /* LegacyApp-Bridging-Header.h */ = {isa = PBXFileReference; lastKnownFileType = sourcecode.c.h; path = "LegacyApp-Bridging-Header.h"; sourceTree = "<group>"; };
		14285F0C11DCB60D47700C81 /* FormData.m */ = {isa = PBXFileReference; lastKnownFileType = sourcecode.c.objc; path = FormData.m; sourceTree = "<group>"; };
		19D36072572F81D464BD2E52 /* InputViewController.h */ = {isa = PBXFileReference; lastKnownFileType = sourcecode.c.h; path = InputViewController.h; sourceTree = "<group>"; };
		3563A56FE72FFB336CCD5401 /* libPods-LegacyApp.a */ = {isa = PBXFileReference; explicitFileType = archive.ar; includeInIndex = 0; path = "libPods-LegacyApp.a"; sourceTree = BUILT_PRODUCTS_DIR; };
		3BFCB7C12FF9786A5AB4D805 /* MusicFlutterViewController.swift */ = {isa = PBXFileReference; lastKnownFileType = sourcecode.swift; path = MusicFlutterViewController.swift; sourceTree = "<group>"; };
		3CD02FF016638479FABF72A4 /* BaseViewController.m */ = {isa = PBXFileReference; lastKnownFileType = sourcecode.c.objc; path = BaseViewController.m; sourceTree = "<group>"; };
		47DACC6ADE13256ED65D8FD4 /* main.m */ = {isa = PBXFileReference; lastKnownFileType = sourcecode.c.objc; path = main.m; sourceTree = "<group>"; };
		4EC0277E2914560FF11F1DFC /* CompleteViewController.m */ = {isa = PBXFileReference; lastKnownFileType = sourcecode.c.objc; path = CompleteViewController.m; sourceTree = "<group>"; };
		50448BA1D9D163FF25E44FA3 /* LegacyApp.app */ = {isa = PBXFileReference; includeInIndex = 0; lastKnownFileType = wrapper.application; path = LegacyApp.app; sourceTree = BUILT_PRODUCTS_DIR; };
		56216691207C58856ED27C3E /* InputViewController.m */ = {isa = PBXFileReference; lastKnownFileType = sourcecode.c.objc; path = InputViewController.m; sourceTree = "<group>"; };
		6ABF887357E8D8191D6E0724 /* SceneDelegate.h */ = {isa = PBXFileReference; lastKnownFileType = sourcecode.c.h; path = SceneDelegate.h; sourceTree = "<group>"; };
		83D512E47E347C6E8601F4B4 /* FormData.h */ = {isa = PBXFileReference; lastKnownFileType = sourcecode.c.h; path = FormData.h; sourceTree = "<group>"; };
		84B410C7F946AC366EB7D0BD /* ja */ = {isa = PBXFileReference; lastKnownFileType = text.plist.strings; name = ja; path = ja.lproj/Localizable.strings; sourceTree = "<group>"; };
		8F80F83393C68709E87143A2 /* Assets.xcassets */ = {isa = PBXFileReference; lastKnownFileType = folder.assetcatalog; path = Assets.xcassets; sourceTree = "<group>"; };
		966A47B794EAFFDA152D6696 /* Pods-LegacyApp.debug.xcconfig */ = {isa = PBXFileReference; includeInIndex = 1; lastKnownFileType = text.xcconfig; name = "Pods-LegacyApp.debug.xcconfig"; path = "Target Support Files/Pods-LegacyApp/Pods-LegacyApp.debug.xcconfig"; sourceTree = "<group>"; };
		B3C6C794B847079E077AC6D1 /* en */ = {isa = PBXFileReference; lastKnownFileType = text.plist.strings; name = en; path = en.lproj/Localizable.strings; sourceTree = "<group>"; };
		C0C6D33A39EEA86789ACAEBE /* SceneDelegate.m */ = {isa = PBXFileReference; lastKnownFileType = sourcecode.c.objc; path = SceneDelegate.m; sourceTree = "<group>"; };
		C46FD178B60B32E803BCDEC1 /* AppDelegate.h */ = {isa = PBXFileReference; lastKnownFileType = sourcecode.c.h; path = AppDelegate.h; sourceTree = "<group>"; };
		DE2119771A66A1DAA478E411 /* BaseViewController.h */ = {isa = PBXFileReference; lastKnownFileType = sourcecode.c.h; path = BaseViewController.h; sourceTree = "<group>"; };
		DF5683583E1D15F7BE2584C4 /* MusicFlutterEngine.swift */ = {isa = PBXFileReference; lastKnownFileType = sourcecode.swift; path = MusicFlutterEngine.swift; sourceTree = "<group>"; };
		EA8167F69382C1674BE75AD5 /* CompleteViewController.h */ = {isa = PBXFileReference; lastKnownFileType = sourcecode.c.h; path = CompleteViewController.h; sourceTree = "<group>"; };
		EF1A96CEE9263FEA74C3FC1C /* AppDelegate.m */ = {isa = PBXFileReference; lastKnownFileType = sourcecode.c.objc; path = AppDelegate.m; sourceTree = "<group>"; };
/* End PBXFileReference section */

/* Begin PBXFrameworksBuildPhase section */
		4FC079A796A903D3B7DD5935 /* Frameworks */ = {
			isa = PBXFrameworksBuildPhase;
			buildActionMask = 2147483647;
			files = (
				4A1A2C00286B29004D4ECBEC /* libPods-LegacyApp.a in Frameworks */,
			);
			runOnlyForDeploymentPostprocessing = 0;
		};
/* End PBXFrameworksBuildPhase section */

/* Begin PBXGroup section */
		21C1B94BA0F700BAB338310F /* Sources */ = {
			isa = PBXGroup;
			children = (
				C46FD178B60B32E803BCDEC1 /* AppDelegate.h */,
				EF1A96CEE9263FEA74C3FC1C /* AppDelegate.m */,
				DE2119771A66A1DAA478E411 /* BaseViewController.h */,
				3CD02FF016638479FABF72A4 /* BaseViewController.m */,
				EA8167F69382C1674BE75AD5 /* CompleteViewController.h */,
				4EC0277E2914560FF11F1DFC /* CompleteViewController.m */,
				03E4367027B65AADB1AC7F3A /* ConfirmFlutterViewController.swift */,
				83D512E47E347C6E8601F4B4 /* FormData.h */,
				14285F0C11DCB60D47700C81 /* FormData.m */,
				19D36072572F81D464BD2E52 /* InputViewController.h */,
				56216691207C58856ED27C3E /* InputViewController.m */,
				0B2FD3FDC79166761A2FAAB2 /* LegacyApp-Bridging-Header.h */,
				47DACC6ADE13256ED65D8FD4 /* main.m */,
				DF5683583E1D15F7BE2584C4 /* MusicFlutterEngine.swift */,
				3BFCB7C12FF9786A5AB4D805 /* MusicFlutterViewController.swift */,
				6ABF887357E8D8191D6E0724 /* SceneDelegate.h */,
				C0C6D33A39EEA86789ACAEBE /* SceneDelegate.m */,
			);
			name = Sources;
			path = LegacyApp/Sources;
			sourceTree = "<group>";
		};
		6171EF2AD32BA90AF5DBDE08 /* Pods */ = {
			isa = PBXGroup;
			children = (
				966A47B794EAFFDA152D6696 /* Pods-LegacyApp.debug.xcconfig */,
				08D4E6D77BA6D4BB4D6ED52F /* Pods-LegacyApp.release.xcconfig */,
			);
			name = Pods;
			path = Pods;
			sourceTree = "<group>";
		};
		7708B1989666813A10C9D224 /* Resources */ = {
			isa = PBXGroup;
			children = (
				8F80F83393C68709E87143A2 /* Assets.xcassets */,
				86C2D4CB20A6DA86CAC2E039 /* Localizable.strings */,
			);
			name = Resources;
			path = LegacyApp/Resources;
			sourceTree = "<group>";
		};
		99F578CAAF94E2014EC90FEC = {
			isa = PBXGroup;
			children = (
				7708B1989666813A10C9D224 /* Resources */,
				21C1B94BA0F700BAB338310F /* Sources */,
				DC721021C97543D5DC94D0E1 /* Products */,
				6171EF2AD32BA90AF5DBDE08 /* Pods */,
				EBF5A046C939C605CC03811A /* Frameworks */,
			);
			sourceTree = "<group>";
		};
		DC721021C97543D5DC94D0E1 /* Products */ = {
			isa = PBXGroup;
			children = (
				50448BA1D9D163FF25E44FA3 /* LegacyApp.app */,
			);
			name = Products;
			sourceTree = "<group>";
		};
		EBF5A046C939C605CC03811A /* Frameworks */ = {
			isa = PBXGroup;
			children = (
				3563A56FE72FFB336CCD5401 /* libPods-LegacyApp.a */,
			);
			name = Frameworks;
			sourceTree = "<group>";
		};
/* End PBXGroup section */

/* Begin PBXNativeTarget section */
		401620B86336C368F014F4AF /* LegacyApp */ = {
			isa = PBXNativeTarget;
			buildConfigurationList = 968739CA8A8D655CFBAA73ED /* Build configuration list for PBXNativeTarget "LegacyApp" */;
			buildPhases = (
				D5C2E045D98AEB80E745DBF0 /* [CP] Check Pods Manifest.lock */,
				A99291F423DA8ED1B2803EA4 /* [CP-User] Run Flutter Build confirm_module Script */,
				27209C1A69CC003B2C583B45 /* Sources */,
				6A864511787BC449FA698FF1 /* Resources */,
				4FC079A796A903D3B7DD5935 /* Frameworks */,
				3414AB3DA2E5B248EE4834BF /* [CP] Copy Pods Resources */,
				02E22C20BBBA908254D9BE44 /* [CP-User] Embed Flutter Build confirm_module Script */,
			);
			buildRules = (
			);
			dependencies = (
			);
			name = LegacyApp;
			productName = LegacyApp;
			productReference = 50448BA1D9D163FF25E44FA3 /* LegacyApp.app */;
			productType = "com.apple.product-type.application";
		};
/* End PBXNativeTarget section */

/* Begin PBXProject section */
		4B78CD35F541609461CF88FB /* Project object */ = {
			isa = PBXProject;
			attributes = {
				BuildIndependentTargetsInParallel = YES;
				LastUpgradeCheck = 1430;
				TargetAttributes = {
				};
			};
			buildConfigurationList = 2B5F2119018F983B4F5504BF /* Build configuration list for PBXProject "LegacyApp" */;
			developmentRegion = ja;
			hasScannedForEncodings = 0;
			knownRegions = (
				Base,
				en,
				ja,
			);
			mainGroup = 99F578CAAF94E2014EC90FEC;
			minimizedProjectReferenceProxies = 1;
			preferredProjectObjectVersion = 77;
			productRefGroup = DC721021C97543D5DC94D0E1 /* Products */;
			projectDirPath = "";
			projectRoot = "";
			targets = (
				401620B86336C368F014F4AF /* LegacyApp */,
			);
		};
/* End PBXProject section */

/* Begin PBXResourcesBuildPhase section */
		6A864511787BC449FA698FF1 /* Resources */ = {
			isa = PBXResourcesBuildPhase;
			buildActionMask = 2147483647;
			files = (
				3348C475BB51B843F1070287 /* Assets.xcassets in Resources */,
				58025F7CE9BBDF26AEE847A8 /* Localizable.strings in Resources */,
			);
			runOnlyForDeploymentPostprocessing = 0;
		};
/* End PBXResourcesBuildPhase section */

/* Begin PBXShellScriptBuildPhase section */
		02E22C20BBBA908254D9BE44 /* [CP-User] Embed Flutter Build confirm_module Script */ = {
			isa = PBXShellScriptBuildPhase;
			buildActionMask = 2147483647;
			files = (
			);
			name = "[CP-User] Embed Flutter Build confirm_module Script";
			runOnlyForDeploymentPostprocessing = 0;
			shellPath = /bin/sh;
			shellScript = "set -e\nset -u\nsource \"${SRCROOT}/../confirm_module/.ios/Flutter/flutter_export_environment.sh\"\nexport VERBOSE_SCRIPT_LOGGING=1 && \"$FLUTTER_ROOT\"/packages/flutter_tools/bin/xcode_backend.sh embed_and_thin";
		};
		3414AB3DA2E5B248EE4834BF /* [CP] Copy Pods Resources */ = {
			isa = PBXShellScriptBuildPhase;
			buildActionMask = 2147483647;
			files = (
			);
			inputFileListPaths = (
				"${PODS_ROOT}/Target Support Files/Pods-LegacyApp/Pods-LegacyApp-resources-${CONFIGURATION}-input-files.xcfilelist",
			);
			name = "[CP] Copy Pods Resources";
			outputFileListPaths = (
				"${PODS_ROOT}/Target Support Files/Pods-LegacyApp/Pods-LegacyApp-resources-${CONFIGURATION}-output-files.xcfilelist",
			);
			runOnlyForDeploymentPostprocessing = 0;
			shellPath = /bin/sh;
			shellScript = "\"${PODS_ROOT}/Target Support Files/Pods-LegacyApp/Pods-LegacyApp-resources.sh\"\n";
			showEnvVarsInLog = 0;
		};
		A99291F423DA8ED1B2803EA4 /* [CP-User] Run Flutter Build confirm_module Script */ = {
			isa = PBXShellScriptBuildPhase;
			buildActionMask = 2147483647;
			files = (
			);
			name = "[CP-User] Run Flutter Build confirm_module Script";
			runOnlyForDeploymentPostprocessing = 0;
			shellPath = /bin/sh;
			shellScript = "set -e\nset -u\nsource \"${SRCROOT}/../confirm_module/.ios/Flutter/flutter_export_environment.sh\"\nexport VERBOSE_SCRIPT_LOGGING=1 && \"$FLUTTER_ROOT\"/packages/flutter_tools/bin/xcode_backend.sh build";
		};
		D5C2E045D98AEB80E745DBF0 /* [CP] Check Pods Manifest.lock */ = {
			isa = PBXShellScriptBuildPhase;
			buildActionMask = 2147483647;
			files = (
			);
			inputFileListPaths = (
			);
			inputPaths = (
				"${PODS_PODFILE_DIR_PATH}/Podfile.lock",
				"${PODS_ROOT}/Manifest.lock",
			);
			name = "[CP] Check Pods Manifest.lock";
			outputFileListPaths = (
			);
			outputPaths = (
				"$(DERIVED_FILE_DIR)/Pods-LegacyApp-checkManifestLockResult.txt",
			);
			runOnlyForDeploymentPostprocessing = 0;
			shellPath = /bin/sh;
			shellScript = "diff \"${PODS_PODFILE_DIR_PATH}/Podfile.lock\" \"${PODS_ROOT}/Manifest.lock\" > /dev/null\nif [ $? != 0 ] ; then\n    # print error to STDERR\n    echo \"error: The sandbox is not in sync with the Podfile.lock. Run 'pod install' or update your CocoaPods installation.\" >&2\n    exit 1\nfi\n# This output is used by Xcode 'outputs' to avoid re-running this script phase.\necho \"SUCCESS\" > \"${SCRIPT_OUTPUT_FILE_0}\"\n";
			showEnvVarsInLog = 0;
		};
/* End PBXShellScriptBuildPhase section */

/* Begin PBXSourcesBuildPhase section */
		27209C1A69CC003B2C583B45 /* Sources */ = {
			isa = PBXSourcesBuildPhase;
			buildActionMask = 2147483647;
			files = (
				F8DEDB260E612456ECB4F4BD /* AppDelegate.m in Sources */,
				108C755D7DC8BB570ACEDBD6 /* BaseViewController.m in Sources */,
				04EB9F6D3720709A03933ADC /* CompleteViewController.m in Sources */,
				BB8D44EC559FC7EFEB35DABC /* ConfirmFlutterViewController.swift in Sources */,
				59B784FDBD0B5514721D9EF9 /* FormData.m in Sources */,
				425F59F025702BDEEB667273 /* InputViewController.m in Sources */,
				F093B49736B631F4777E287C /* MusicFlutterEngine.swift in Sources */,
				0F7AA3FD594427A58B4D2E1D /* MusicFlutterViewController.swift in Sources */,
				98C581105D58D2CEF6BE57C8 /* SceneDelegate.m in Sources */,
				F4340F1CDBD0255BE1A6A3A5 /* main.m in Sources */,
			);
			runOnlyForDeploymentPostprocessing = 0;
		};
/* End PBXSourcesBuildPhase section */

/* Begin PBXVariantGroup section */
		86C2D4CB20A6DA86CAC2E039 /* Localizable.strings */ = {
			isa = PBXVariantGroup;
			children = (
				B3C6C794B847079E077AC6D1 /* en */,
				84B410C7F946AC366EB7D0BD /* ja */,
			);
			name = Localizable.strings;
			sourceTree = "<group>";
		};
/* End PBXVariantGroup section */

/* Begin XCBuildConfiguration section */
		8473383DDCDEB7E458D460CA /* Debug */ = {
			isa = XCBuildConfiguration;
			baseConfigurationReference = 966A47B794EAFFDA152D6696 /* Pods-LegacyApp.debug.xcconfig */;
			buildSettings = {
				ALWAYS_EMBED_SWIFT_STANDARD_LIBRARIES = YES;
				ASSETCATALOG_COMPILER_APPICON_NAME = "";
				CLANG_ENABLE_OBJC_ARC = YES;
				CODE_SIGN_IDENTITY = "iPhone Developer";
				CURRENT_PROJECT_VERSION = 1;
				GENERATE_INFOPLIST_FILE = YES;
				INFOPLIST_FILE = "Generated-Info.plist";
				LD_RUNPATH_SEARCH_PATHS = (
					"$(inherited)",
					"@executable_path/Frameworks",
				);
				MARKETING_VERSION = 1.0;
				PRODUCT_BUNDLE_IDENTIFIER = com.example.legacyapp;
				SDKROOT = iphoneos;
				SWIFT_OBJC_BRIDGING_HEADER = "LegacyApp/Sources/LegacyApp-Bridging-Header.h";
				SWIFT_VERSION = 5.0;
				TARGETED_DEVICE_FAMILY = "1,2";
			};
			name = Debug;
		};
		879768658600B502B95333D9 /* Release */ = {
			isa = XCBuildConfiguration;
			baseConfigurationReference = 08D4E6D77BA6D4BB4D6ED52F /* Pods-LegacyApp.release.xcconfig */;
			buildSettings = {
				ALWAYS_EMBED_SWIFT_STANDARD_LIBRARIES = YES;
				ASSETCATALOG_COMPILER_APPICON_NAME = "";
				CLANG_ENABLE_OBJC_ARC = YES;
				CODE_SIGN_IDENTITY = "iPhone Developer";
				CURRENT_PROJECT_VERSION = 1;
				GENERATE_INFOPLIST_FILE = YES;
				INFOPLIST_FILE = "Generated-Info.plist";
				LD_RUNPATH_SEARCH_PATHS = (
					"$(inherited)",
					"@executable_path/Frameworks",
				);
				MARKETING_VERSION = 1.0;
				PRODUCT_BUNDLE_IDENTIFIER = com.example.legacyapp;
				SDKROOT = iphoneos;
				SWIFT_OBJC_BRIDGING_HEADER = "LegacyApp/Sources/LegacyApp-Bridging-Header.h";
				SWIFT_VERSION = 5.0;
				TARGETED_DEVICE_FAMILY = "1,2";
			};
			name = Release;
		};
		987EB8CA7B7099A9BE0031CB /* Release */ = {
			isa = XCBuildConfiguration;
			buildSettings = {
				ALWAYS_SEARCH_USER_PATHS = NO;
				CLANG_ANALYZER_NONNULL = YES;
				CLANG_ANALYZER_NUMBER_OBJECT_CONVERSION = YES_AGGRESSIVE;
				CLANG_CXX_LANGUAGE_STANDARD = "gnu++14";
				CLANG_CXX_LIBRARY = "libc++";
				CLANG_ENABLE_MODULES = YES;
				CLANG_ENABLE_OBJC_ARC = YES;
				CLANG_ENABLE_OBJC_WEAK = YES;
				CLANG_WARN_BLOCK_CAPTURE_AUTORELEASING = YES;
				CLANG_WARN_BOOL_CONVERSION = YES;
				CLANG_WARN_COMMA = YES;
				CLANG_WARN_CONSTANT_CONVERSION = YES;
				CLANG_WARN_DEPRECATED_OBJC_IMPLEMENTATIONS = YES;
				CLANG_WARN_DIRECT_OBJC_ISA_USAGE = YES_ERROR;
				CLANG_WARN_DOCUMENTATION_COMMENTS = YES;
				CLANG_WARN_EMPTY_BODY = YES;
				CLANG_WARN_ENUM_CONVERSION = YES;
				CLANG_WARN_INFINITE_RECURSION = YES;
				CLANG_WARN_INT_CONVERSION = YES;
				CLANG_WARN_NON_LITERAL_NULL_CONVERSION = YES;
				CLANG_WARN_OBJC_IMPLICIT_RETAIN_SELF = YES;
				CLANG_WARN_OBJC_LITERAL_CONVERSION = YES;
				CLANG_WARN_OBJC_ROOT_CLASS = YES_ERROR;
				CLANG_WARN_QUOTED_INCLUDE_IN_FRAMEWORK_HEADER = YES;
				CLANG_WARN_RANGE_LOOP_ANALYSIS = YES;
				CLANG_WARN_STRICT_PROTOTYPES = YES;
				CLANG_WARN_SUSPICIOUS_MOVE = YES;
				CLANG_WARN_UNGUARDED_AVAILABILITY = YES_AGGRESSIVE;
				CLANG_WARN_UNREACHABLE_CODE = YES;
				CLANG_WARN__DUPLICATE_METHOD_MATCH = YES;
				COPY_PHASE_STRIP = NO;
				DEBUG_INFORMATION_FORMAT = "dwarf-with-dsym";
				ENABLE_NS_ASSERTIONS = NO;
				ENABLE_STRICT_OBJC_MSGSEND = YES;
				GCC_C_LANGUAGE_STANDARD = gnu11;
				GCC_NO_COMMON_BLOCKS = YES;
				GCC_WARN_64_TO_32_BIT_CONVERSION = YES;
				GCC_WARN_ABOUT_RETURN_TYPE = YES_ERROR;
				GCC_WARN_UNDECLARED_SELECTOR = YES;
				GCC_WARN_UNINITIALIZED_AUTOS = YES_AGGRESSIVE;
				GCC_WARN_UNUSED_FUNCTION = YES;
				GCC_WARN_UNUSED_VARIABLE = YES;
				IPHONEOS_DEPLOYMENT_TARGET = 16.0;
				MTL_ENABLE_DEBUG_INFO = NO;
				MTL_FAST_MATH = YES;
				PRODUCT_NAME = "$(TARGET_NAME)";
				SDKROOT = iphoneos;
				SWIFT_COMPILATION_MODE = wholemodule;
				SWIFT_OPTIMIZATION_LEVEL = "-O";
				SWIFT_VERSION = 5.0;
			};
			name = Release;
		};
		F186C8960AB12893B9D62C1F /* Debug */ = {
			isa = XCBuildConfiguration;
			buildSettings = {
				ALWAYS_SEARCH_USER_PATHS = NO;
				CLANG_ANALYZER_NONNULL = YES;
				CLANG_ANALYZER_NUMBER_OBJECT_CONVERSION = YES_AGGRESSIVE;
				CLANG_CXX_LANGUAGE_STANDARD = "gnu++14";
				CLANG_CXX_LIBRARY = "libc++";
				CLANG_ENABLE_MODULES = YES;
				CLANG_ENABLE_OBJC_ARC = YES;
				CLANG_ENABLE_OBJC_WEAK = YES;
				CLANG_WARN_BLOCK_CAPTURE_AUTORELEASING = YES;
				CLANG_WARN_BOOL_CONVERSION = YES;
				CLANG_WARN_COMMA = YES;
				CLANG_WARN_CONSTANT_CONVERSION = YES;
				CLANG_WARN_DEPRECATED_OBJC_IMPLEMENTATIONS = YES;
				CLANG_WARN_DIRECT_OBJC_ISA_USAGE = YES_ERROR;
				CLANG_WARN_DOCUMENTATION_COMMENTS = YES;
				CLANG_WARN_EMPTY_BODY = YES;
				CLANG_WARN_ENUM_CONVERSION = YES;
				CLANG_WARN_INFINITE_RECURSION = YES;
				CLANG_WARN_INT_CONVERSION = YES;
				CLANG_WARN_NON_LITERAL_NULL_CONVERSION = YES;
				CLANG_WARN_OBJC_IMPLICIT_RETAIN_SELF = YES;
				CLANG_WARN_OBJC_LITERAL_CONVERSION = YES;
				CLANG_WARN_OBJC_ROOT_CLASS = YES_ERROR;
				CLANG_WARN_QUOTED_INCLUDE_IN_FRAMEWORK_HEADER = YES;
				CLANG_WARN_RANGE_LOOP_ANALYSIS = YES;
				CLANG_WARN_STRICT_PROTOTYPES = YES;
				CLANG_WARN_SUSPICIOUS_MOVE = YES;
				CLANG_WARN_UNGUARDED_AVAILABILITY = YES_AGGRESSIVE;
				CLANG_WARN_UNREACHABLE_CODE = YES;
				CLANG_WARN__DUPLICATE_METHOD_MATCH = YES;
				COPY_PHASE_STRIP = NO;
				DEBUG_INFORMATION_FORMAT = dwarf;
				ENABLE_STRICT_OBJC_MSGSEND = YES;
				ENABLE_TESTABILITY = YES;
				GCC_C_LANGUAGE_STANDARD = gnu11;
				GCC_DYNAMIC_NO_PIC = NO;
				GCC_NO_COMMON_BLOCKS = YES;
				GCC_OPTIMIZATION_LEVEL = 0;
				GCC_PREPROCESSOR_DEFINITIONS = (
					"$(inherited)",
					"DEBUG=1",
				);
				GCC_WARN_64_TO_32_BIT_CONVERSION = YES;
				GCC_WARN_ABOUT_RETURN_TYPE = YES_ERROR;
				GCC_WARN_UNDECLARED_SELECTOR = YES;
				GCC_WARN_UNINITIALIZED_AUTOS = YES_AGGRESSIVE;
				GCC_WARN_UNUSED_FUNCTION = YES;
				GCC_WARN_UNUSED_VARIABLE = YES;
				IPHONEOS_DEPLOYMENT_TARGET = 16.0;
				MTL_ENABLE_DEBUG_INFO = INCLUDE_SOURCE;
				MTL_FAST_MATH = YES;
				ONLY_ACTIVE_ARCH = YES;
				PRODUCT_NAME = "$(TARGET_NAME)";
				SDKROOT = iphoneos;
				SWIFT_ACTIVE_COMPILATION_CONDITIONS = DEBUG;
				SWIFT_OPTIMIZATION_LEVEL = "-Onone";
				SWIFT_VERSION = 5.0;
			};
			name = Debug;
		};
/* End XCBuildConfiguration section */

/* Begin XCConfigurationList section */
		2B5F2119018F983B4F5504BF /* Build configuration list for PBXProject "LegacyApp" */ = {
			isa = XCConfigurationList;
			buildConfigurations = (
				F186C8960AB12893B9D62C1F /* Debug */,
				987EB8CA7B7099A9BE0031CB /* Release */,
			);
			defaultConfigurationIsVisible = 0;
			defaultConfigurationName = Debug;
		};
		968739CA8A8D655CFBAA73ED /* Build configuration list for PBXNativeTarget "LegacyApp" */ = {
			isa = XCConfigurationList;
			buildConfigurations = (
				8473383DDCDEB7E458D460CA /* Debug */,
				879768658600B502B95333D9 /* Release */,
			);
			defaultConfigurationIsVisible = 0;
			defaultConfigurationName = Debug;
		};
/* End XCConfigurationList section */
	};
	rootObject = 4B78CD35F541609461CF88FB /* Project object */;
}
